
Microsoft Visual Studio Solution File, Format Version 12.00
# Visual Studio 15
VisualStudioVersion = 15.0.27703.2018
MinimumVisualStudioVersion = 10.0.40219.1
Project("{FAE04EC0-301F-11D3-BF4B-00C04F79EFBC}") = "Evidence_11CoreAPI_Angularjs", "Evidence_11CoreAPI_Angularjs\Evidence_11CoreAPI_Angularjs.csproj", "{0BB5F09B-A26C-4B7B-AC0D-D05AA6D188C3}"
EndProject
Global
	GlobalSection(SolutionConfigurationPlatforms) = preSolution
		Debug|Any CPU = Debug|Any CPU
		Release|Any CPU = Release|Any CPU
	EndGlobalSection
	GlobalSection(ProjectConfigurationPlatforms) = postSolution
		{0BB5F09B-A26C-4B7B-AC0D-D05AA6D188C3}.Debug|Any CPU.ActiveCfg = Debug|Any CPU
		{0BB5F09B-A26C-4B7B-AC0D-D05AA6D188C3}.Debug|Any CPU.Build.0 = Debug|Any CPU
		{0BB5F09B-A26C-4B7B-AC0D-D05AA6D188C3}.Release|Any CPU.ActiveCfg = Release|Any CPU
		{0BB5F09B-A26C-4B7B-AC0D-D05AA6D188C3}.Release|Any CPU.Build.0 = Release|Any CPU
	EndGlobalSection
	GlobalSection(SolutionProperties) = preSolution
		HideSolutionNode = FALSE
	EndGlobalSection
	GlobalSection(ExtensibilityGlobals) = postSolution
		SolutionGuid = {82CCF8A5-8229-471B-A84E-139B6FF4960D}
	EndGlobalSection
EndGlobal
